
Microsoft Visual Studio Solution File, Format Version 12.00
# Visual Studio Version 16
VisualStudioVersion = 16.0.30907.101
MinimumVisualStudioVersion = 10.0.40219.1
Project("{9A19103F-16F7-4668-BE54-9A1E7A4F7556}") = "WebCore31", "WebCore31\WebCore31.csproj", "{50C6CDCB-C5EB-4720-984F-0FB122E9DAEB}"
EndProject
Project("{9A19103F-16F7-4668-BE54-9A1E7A4F7556}") = "TryAsync", "TryAsync\TryAsync.csproj", "{59E3DC1B-0336-4E6B-9C9C-10F877333847}"
EndProject
Project("{9A19103F-16F7-4668-BE54-9A1E7A4F7556}") = "TryDapper", "TryDapper\TryDapper.csproj", "{4299AE28-94B9-4D81-8EE2-6A59B1A5ACD2}"
EndProject
Project("{2150E333-8FDC-42A3-9474-1A3956D46DE8}") = "Framework", "Framework", "{55B5E5CA-20F6-450F-8C89-7530D2C3CDD2}"
EndProject
Project("{FAE04EC0-301F-11D3-BF4B-00C04F79EFBC}") = "Framework35", "Framework35\Framework35.csproj", "{DAD0FC32-76B7-4891-A1CE-13B8B2E58669}"
EndProject
Project("{FAE04EC0-301F-11D3-BF4B-00C04F79EFBC}") = "Framework46", "Framework46\Framework46.csproj", "{1C585336-68F4-4390-B56F-1BFF60CF672A}"
EndProject
Global
	GlobalSection(SolutionConfigurationPlatforms) = preSolution
		Debug|Any CPU = Debug|Any CPU
		Release|Any CPU = Release|Any CPU
	EndGlobalSection
	GlobalSection(ProjectConfigurationPlatforms) = postSolution
		{50C6CDCB-C5EB-4720-984F-0FB122E9DAEB}.Debug|Any CPU.ActiveCfg = Debug|Any CPU
		{50C6CDCB-C5EB-4720-984F-0FB122E9DAEB}.Debug|Any CPU.Build.0 = Debug|Any CPU
		{50C6CDCB-C5EB-4720-984F-0FB122E9DAEB}.Release|Any CPU.ActiveCfg = Release|Any CPU
		{50C6CDCB-C5EB-4720-984F-0FB122E9DAEB}.Release|Any CPU.Build.0 = Release|Any CPU
		{59E3DC1B-0336-4E6B-9C9C-10F877333847}.Debug|Any CPU.ActiveCfg = Debug|Any CPU
		{59E3DC1B-0336-4E6B-9C9C-10F877333847}.Debug|Any CPU.Build.0 = Debug|Any CPU
		{59E3DC1B-0336-4E6B-9C9C-10F877333847}.Release|Any CPU.ActiveCfg = Release|Any CPU
		{59E3DC1B-0336-4E6B-9C9C-10F877333847}.Release|Any CPU.Build.0 = Release|Any CPU
		{4299AE28-94B9-4D81-8EE2-6A59B1A5ACD2}.Debug|Any CPU.ActiveCfg = Debug|Any CPU
		{4299AE28-94B9-4D81-8EE2-6A59B1A5ACD2}.Debug|Any CPU.Build.0 = Debug|Any CPU
		{4299AE28-94B9-4D81-8EE2-6A59B1A5ACD2}.Release|Any CPU.ActiveCfg = Release|Any CPU
		{4299AE28-94B9-4D81-8EE2-6A59B1A5ACD2}.Release|Any CPU.Build.0 = Release|Any CPU
		{DAD0FC32-76B7-4891-A1CE-13B8B2E58669}.Debug|Any CPU.ActiveCfg = Debug|Any CPU
		{DAD0FC32-76B7-4891-A1CE-13B8B2E58669}.Debug|Any CPU.Build.0 = Debug|Any CPU
		{DAD0FC32-76B7-4891-A1CE-13B8B2E58669}.Release|Any CPU.ActiveCfg = Release|Any CPU
		{DAD0FC32-76B7-4891-A1CE-13B8B2E58669}.Release|Any CPU.Build.0 = Release|Any CPU
		{1C585336-68F4-4390-B56F-1BFF60CF672A}.Debug|Any CPU.ActiveCfg = Debug|Any CPU
		{1C585336-68F4-4390-B56F-1BFF60CF672A}.Debug|Any CPU.Build.0 = Debug|Any CPU
		{1C585336-68F4-4390-B56F-1BFF60CF672A}.Release|Any CPU.ActiveCfg = Release|Any CPU
		{1C585336-68F4-4390-B56F-1BFF60CF672A}.Release|Any CPU.Build.0 = Release|Any CPU
	EndGlobalSection
	GlobalSection(SolutionProperties) = preSolution
		HideSolutionNode = FALSE
	EndGlobalSection
	GlobalSection(NestedProjects) = preSolution
		{DAD0FC32-76B7-4891-A1CE-13B8B2E58669} = {55B5E5CA-20F6-450F-8C89-7530D2C3CDD2}
		{1C585336-68F4-4390-B56F-1BFF60CF672A} = {55B5E5CA-20F6-450F-8C89-7530D2C3CDD2}
	EndGlobalSection
	GlobalSection(ExtensibilityGlobals) = postSolution
		SolutionGuid = {0256506E-F0AE-466B-A320-65352FC0AC1D}
	EndGlobalSection
EndGlobal
